
Microsoft Visual Studio Solution File, Format Version 12.00
# Visual Studio Version 17
VisualStudioVersion = 17.0.32112.339
MinimumVisualStudioVersion = 10.0.40219.1
Project("{8BC9CEB8-8B4A-11D0-8D11-00A0C91BC942}") = "Class1", "Class1.vcxproj", "{06621FD9-35A3-4227-AAFB-88104E6F6230}"
EndProject
Global
	GlobalSection(SolutionConfigurationPlatforms) = preSolution
		Debug|x64 = Debug|x64
		Debug|x86 = Debug|x86
		Release|x64 = Release|x64
		Release|x86 = Release|x86
	EndGlobalSection
	GlobalSection(ProjectConfigurationPlatforms) = postSolution
		{06621FD9-35A3-4227-AAFB-88104E6F6230}.Debug|x64.ActiveCfg = Debug|x64
		{06621FD9-35A3-4227-AAFB-88104E6F6230}.Debug|x64.Build.0 = Debug|x64
		{06621FD9-35A3-4227-AAFB-88104E6F6230}.Debug|x86.ActiveCfg = Debug|Win32
		{06621FD9-35A3-4227-AAFB-88104E6F6230}.Debug|x86.Build.0 = Debug|Win32
		{06621FD9-35A3-4227-AAFB-88104E6F6230}.Release|x64.ActiveCfg = Release|x64
		{06621FD9-35A3-4227-AAFB-88104E6F6230}.Release|x64.Build.0 = Release|x64
		{06621FD9-35A3-4227-AAFB-88104E6F6230}.Release|x86.ActiveCfg = Release|Win32
		{06621FD9-35A3-4227-AAFB-88104E6F6230}.Release|x86.Build.0 = Release|Win32
	EndGlobalSection
	GlobalSection(SolutionProperties) = preSolution
		HideSolutionNode = FALSE
	EndGlobalSection
	GlobalSection(ExtensibilityGlobals) = postSolution
		SolutionGuid = {7479A7D6-3AFF-4965-9634-A14AC40B86A2}
	EndGlobalSection
EndGlobal
