
Microsoft Visual Studio Solution File, Format Version 12.00
# Visual Studio Version 17
VisualStudioVersion = 17.2.32519.379
MinimumVisualStudioVersion = 10.0.40219.1
Project("{8BC9CEB8-8B4A-11D0-8D11-00A0C91BC942}") = "Chain_of_ResponsibilityC", "Chain_of_ResponsibilityC.vcxproj", "{2E34C44F-D023-4E46-891B-D8C9614035BC}"
EndProject
Global
	GlobalSection(SolutionConfigurationPlatforms) = preSolution
		Debug|x64 = Debug|x64
		Debug|x86 = Debug|x86
		Release|x64 = Release|x64
		Release|x86 = Release|x86
	EndGlobalSection
	GlobalSection(ProjectConfigurationPlatforms) = postSolution
		{2E34C44F-D023-4E46-891B-D8C9614035BC}.Debug|x64.ActiveCfg = Debug|x64
		{2E34C44F-D023-4E46-891B-D8C9614035BC}.Debug|x64.Build.0 = Debug|x64
		{2E34C44F-D023-4E46-891B-D8C9614035BC}.Debug|x86.ActiveCfg = Debug|Win32
		{2E34C44F-D023-4E46-891B-D8C9614035BC}.Debug|x86.Build.0 = Debug|Win32
		{2E34C44F-D023-4E46-891B-D8C9614035BC}.Release|x64.ActiveCfg = Release|x64
		{2E34C44F-D023-4E46-891B-D8C9614035BC}.Release|x64.Build.0 = Release|x64
		{2E34C44F-D023-4E46-891B-D8C9614035BC}.Release|x86.ActiveCfg = Release|Win32
		{2E34C44F-D023-4E46-891B-D8C9614035BC}.Release|x86.Build.0 = Release|Win32
	EndGlobalSection
	GlobalSection(SolutionProperties) = preSolution
		HideSolutionNode = FALSE
	EndGlobalSection
	GlobalSection(ExtensibilityGlobals) = postSolution
		SolutionGuid = {D56852EF-EAB4-4A4F-82CD-F827D0FA14F6}
	EndGlobalSection
EndGlobal
